
Microsoft Visual Studio Solution File, Format Version 12.00
# Visual Studio Version 17
VisualStudioVersion = 17.10.35004.147
MinimumVisualStudioVersion = 10.0.40219.1
Project("{FAE04EC0-301F-11D3-BF4B-00C04F79EFBC}") = "Calculator", "Calculator.csproj", "{0CD894A8-D79E-4218-B0D3-85598165608E}"
EndProject
Global
	GlobalSection(SolutionConfigurationPlatforms) = preSolution
		Debug|Any CPU = Debug|Any CPU
		Release|Any CPU = Release|Any CPU
	EndGlobalSection
	GlobalSection(ProjectConfigurationPlatforms) = postSolution
		{0CD894A8-D79E-4218-B0D3-85598165608E}.Debug|Any CPU.ActiveCfg = Debug|Any CPU
		{0CD894A8-D79E-4218-B0D3-85598165608E}.Debug|Any CPU.Build.0 = Debug|Any CPU
		{0CD894A8-D79E-4218-B0D3-85598165608E}.Release|Any CPU.ActiveCfg = Release|Any CPU
		{0CD894A8-D79E-4218-B0D3-85598165608E}.Release|Any CPU.Build.0 = Release|Any CPU
	EndGlobalSection
	GlobalSection(SolutionProperties) = preSolution
		HideSolutionNode = FALSE
	EndGlobalSection
	GlobalSection(ExtensibilityGlobals) = postSolution
		SolutionGuid = {52D3DADA-1E9F-4936-A567-8E3EECE5B677}
	EndGlobalSection
EndGlobal
